
Microsoft Visual Studio Solution File, Format Version 12.00
# Visual Studio Version 17
VisualStudioVersion = 17.10.35013.160
MinimumVisualStudioVersion = 10.0.40219.1
Project("{9A19103F-16F7-4668-BE54-9A1E7A4F7556}") = "MOW.Selective", "API_ Clean_Template\MOW.Selective.csproj", "{D6928CE0-64EA-4C51-9363-3AA7DDBA92A6}"
EndProject
Project("{9A19103F-16F7-4668-BE54-9A1E7A4F7556}") = "MOW.Selective.Core", "API_ Clean_Template.Domain\MOW.Selective.Core.csproj", "{B1373A2A-647F-4440-BD5D-836A1B2FCE76}"
EndProject
Project("{9A19103F-16F7-4668-BE54-9A1E7A4F7556}") = "MOW.Selective.Infrastructure", "API_ Clean_Template.InfraStructure\MOW.Selective.Infrastructure.csproj", "{FE70815B-CE55-4F11-A978-D74557FDA3BE}"
EndProject
Project("{9A19103F-16F7-4668-BE54-9A1E7A4F7556}") = "MOW.Selective.Application", "API_ Clean_Template.Application\MOW.Selective.Application.csproj", "{5BB573EA-FFD3-4DB6-AF4B-23BF3482D97E}"
EndProject
Project("{2150E333-8FDC-42A3-9474-1A3956D46DE8}") = "src", "src", "{593BFB4A-E36E-4743-867B-D776F1D50306}"
EndProject
Global
	GlobalSection(SolutionConfigurationPlatforms) = preSolution
		Debug|Any CPU = Debug|Any CPU
		Release|Any CPU = Release|Any CPU
	EndGlobalSection
	GlobalSection(ProjectConfigurationPlatforms) = postSolution
		{D6928CE0-64EA-4C51-9363-3AA7DDBA92A6}.Debug|Any CPU.ActiveCfg = Debug|Any CPU
		{D6928CE0-64EA-4C51-9363-3AA7DDBA92A6}.Debug|Any CPU.Build.0 = Debug|Any CPU
		{D6928CE0-64EA-4C51-9363-3AA7DDBA92A6}.Release|Any CPU.ActiveCfg = Release|Any CPU
		{D6928CE0-64EA-4C51-9363-3AA7DDBA92A6}.Release|Any CPU.Build.0 = Release|Any CPU
		{B1373A2A-647F-4440-BD5D-836A1B2FCE76}.Debug|Any CPU.ActiveCfg = Debug|Any CPU
		{B1373A2A-647F-4440-BD5D-836A1B2FCE76}.Debug|Any CPU.Build.0 = Debug|Any CPU
		{B1373A2A-647F-4440-BD5D-836A1B2FCE76}.Release|Any CPU.ActiveCfg = Release|Any CPU
		{B1373A2A-647F-4440-BD5D-836A1B2FCE76}.Release|Any CPU.Build.0 = Release|Any CPU
		{FE70815B-CE55-4F11-A978-D74557FDA3BE}.Debug|Any CPU.ActiveCfg = Debug|Any CPU
		{FE70815B-CE55-4F11-A978-D74557FDA3BE}.Debug|Any CPU.Build.0 = Debug|Any CPU
		{FE70815B-CE55-4F11-A978-D74557FDA3BE}.Release|Any CPU.ActiveCfg = Release|Any CPU
		{FE70815B-CE55-4F11-A978-D74557FDA3BE}.Release|Any CPU.Build.0 = Release|Any CPU
		{5BB573EA-FFD3-4DB6-AF4B-23BF3482D97E}.Debug|Any CPU.ActiveCfg = Debug|Any CPU
		{5BB573EA-FFD3-4DB6-AF4B-23BF3482D97E}.Debug|Any CPU.Build.0 = Debug|Any CPU
		{5BB573EA-FFD3-4DB6-AF4B-23BF3482D97E}.Release|Any CPU.ActiveCfg = Release|Any CPU
		{5BB573EA-FFD3-4DB6-AF4B-23BF3482D97E}.Release|Any CPU.Build.0 = Release|Any CPU
	EndGlobalSection
	GlobalSection(SolutionProperties) = preSolution
		HideSolutionNode = FALSE
	EndGlobalSection
	GlobalSection(NestedProjects) = preSolution
		{D6928CE0-64EA-4C51-9363-3AA7DDBA92A6} = {593BFB4A-E36E-4743-867B-D776F1D50306}
		{B1373A2A-647F-4440-BD5D-836A1B2FCE76} = {593BFB4A-E36E-4743-867B-D776F1D50306}
		{FE70815B-CE55-4F11-A978-D74557FDA3BE} = {593BFB4A-E36E-4743-867B-D776F1D50306}
		{5BB573EA-FFD3-4DB6-AF4B-23BF3482D97E} = {593BFB4A-E36E-4743-867B-D776F1D50306}
	EndGlobalSection
	GlobalSection(ExtensibilityGlobals) = postSolution
		SolutionGuid = {1C39921A-940F-43FC-AC8D-21B162B8B0FA}
	EndGlobalSection
EndGlobal
